
Microsoft Visual Studio Solution File, Format Version 12.00
# Visual Studio Version 16
VisualStudioVersion = 16.0.31729.503
MinimumVisualStudioVersion = 10.0.40219.1
Project("{FAE04EC0-301F-11D3-BF4B-00C04F79EFBC}") = "ClasseAbstrata", "ClasseAbstrata.csproj", "{D4D82728-3156-4297-A1F3-B26697CF8A66}"
EndProject
Global
	GlobalSection(SolutionConfigurationPlatforms) = preSolution
		Debug|Any CPU = Debug|Any CPU
		Release|Any CPU = Release|Any CPU
	EndGlobalSection
	GlobalSection(ProjectConfigurationPlatforms) = postSolution
		{D4D82728-3156-4297-A1F3-B26697CF8A66}.Debug|Any CPU.ActiveCfg = Debug|Any CPU
		{D4D82728-3156-4297-A1F3-B26697CF8A66}.Debug|Any CPU.Build.0 = Debug|Any CPU
		{D4D82728-3156-4297-A1F3-B26697CF8A66}.Release|Any CPU.ActiveCfg = Release|Any CPU
		{D4D82728-3156-4297-A1F3-B26697CF8A66}.Release|Any CPU.Build.0 = Release|Any CPU
	EndGlobalSection
	GlobalSection(SolutionProperties) = preSolution
		HideSolutionNode = FALSE
	EndGlobalSection
	GlobalSection(ExtensibilityGlobals) = postSolution
		SolutionGuid = {4F94B112-4CDA-4F0B-BB27-D96A1F02AE40}
	EndGlobalSection
EndGlobal
